# generated by rye
# use `rye lock` or `rye sync` to update this lockfile
#
# last locked with the following flags:
#   pre: false
#   features: []
#   all-features: false
#   with-sources: false

-e file:.
annotated-types==0.6.0
    # via pydantic
anyio==4.3.0
    # via httpx
    # via openai
certifi==2024.2.2
    # via httpcore
    # via httpx
distro==1.9.0
    # via openai
h11==0.14.0
    # via httpcore
httpcore==1.0.4
    # via httpx
httpx==0.27.0
    # via openai
idna==3.6
    # via anyio
    # via httpx
openai==1.13.3
    # via osrlib
osrlib @ file:///Users/mmacy/repos/osr-console/osrcli/../osrlib
    # via osrcli
prompt-toolkit==3.0.36
    # via questionary
pydantic==2.6.3
    # via openai
pydantic-core==2.16.3
    # via pydantic
questionary==2.0.1
    # via osrcli
sniffio==1.3.1
    # via anyio
    # via httpx
    # via openai
tinydb==4.8.0
    # via osrlib
tqdm==4.66.2
    # via openai
typing-extensions==4.10.0
    # via openai
    # via pydantic
    # via pydantic-core
wcwidth==0.2.13
    # via prompt-toolkit
